
Microsoft Visual Studio Solution File, Format Version 12.00
# Visual Studio Version 16
VisualStudioVersion = 16.0.30804.86
MinimumVisualStudioVersion = 10.0.40219.1
Project("{FAE04EC0-301F-11D3-BF4B-00C04F79EFBC}") = "OSCP Practice Exam Generator", "OSCP Practice Exam Generator\OSCP Practice Exam Generator.csproj", "{84B8842F-08FD-4B0D-A0DA-F119BA910E3A}"
EndProject
Global
	GlobalSection(SolutionConfigurationPlatforms) = preSolution
		Debug|Any CPU = Debug|Any CPU
		Release|Any CPU = Release|Any CPU
	EndGlobalSection
	GlobalSection(ProjectConfigurationPlatforms) = postSolution
		{84B8842F-08FD-4B0D-A0DA-F119BA910E3A}.Debug|Any CPU.ActiveCfg = Debug|Any CPU
		{84B8842F-08FD-4B0D-A0DA-F119BA910E3A}.Debug|Any CPU.Build.0 = Debug|Any CPU
		{84B8842F-08FD-4B0D-A0DA-F119BA910E3A}.Release|Any CPU.ActiveCfg = Release|Any CPU
		{84B8842F-08FD-4B0D-A0DA-F119BA910E3A}.Release|Any CPU.Build.0 = Release|Any CPU
	EndGlobalSection
	GlobalSection(SolutionProperties) = preSolution
		HideSolutionNode = FALSE
	EndGlobalSection
	GlobalSection(ExtensibilityGlobals) = postSolution
		SolutionGuid = {CA0046BA-B04B-4C02-BC3D-92531ABF395C}
	EndGlobalSection
EndGlobal
